
Microsoft Visual Studio Solution File, Format Version 12.00
# Visual Studio Version 16
VisualStudioVersion = 16.0.30204.135
MinimumVisualStudioVersion = 10.0.40219.1
Project("{FAE04EC0-301F-11D3-BF4B-00C04F79EFBC}") = "CaesarCipher", "CaesarCipher\CaesarCipher.csproj", "{709E981D-120F-4B36-8504-253A8F237E44}"
EndProject
Global
	GlobalSection(SolutionConfigurationPlatforms) = preSolution
		Debug|Any CPU = Debug|Any CPU
		Release|Any CPU = Release|Any CPU
	EndGlobalSection
	GlobalSection(ProjectConfigurationPlatforms) = postSolution
		{709E981D-120F-4B36-8504-253A8F237E44}.Debug|Any CPU.ActiveCfg = Debug|Any CPU
		{709E981D-120F-4B36-8504-253A8F237E44}.Debug|Any CPU.Build.0 = Debug|Any CPU
		{709E981D-120F-4B36-8504-253A8F237E44}.Release|Any CPU.ActiveCfg = Release|Any CPU
		{709E981D-120F-4B36-8504-253A8F237E44}.Release|Any CPU.Build.0 = Release|Any CPU
	EndGlobalSection
	GlobalSection(SolutionProperties) = preSolution
		HideSolutionNode = FALSE
	EndGlobalSection
	GlobalSection(ExtensibilityGlobals) = postSolution
		SolutionGuid = {FB8CD621-01C1-4D69-8556-0DD8343F5778}
	EndGlobalSection
EndGlobal
