
Microsoft Visual Studio Solution File, Format Version 12.00
# Visual Studio Version 16
VisualStudioVersion = 16.0.30204.135
MinimumVisualStudioVersion = 10.0.40219.1
Project("{FAE04EC0-301F-11D3-BF4B-00C04F79EFBC}") = "Caesar Cipher", "Caesar Cipher\Caesar Cipher.csproj", "{57060377-256D-49DF-BF5F-62316D59167A}"
EndProject
Global
	GlobalSection(SolutionConfigurationPlatforms) = preSolution
		Debug|Any CPU = Debug|Any CPU
		Release|Any CPU = Release|Any CPU
	EndGlobalSection
	GlobalSection(ProjectConfigurationPlatforms) = postSolution
		{57060377-256D-49DF-BF5F-62316D59167A}.Debug|Any CPU.ActiveCfg = Debug|Any CPU
		{57060377-256D-49DF-BF5F-62316D59167A}.Debug|Any CPU.Build.0 = Debug|Any CPU
		{57060377-256D-49DF-BF5F-62316D59167A}.Release|Any CPU.ActiveCfg = Release|Any CPU
		{57060377-256D-49DF-BF5F-62316D59167A}.Release|Any CPU.Build.0 = Release|Any CPU
	EndGlobalSection
	GlobalSection(SolutionProperties) = preSolution
		HideSolutionNode = FALSE
	EndGlobalSection
	GlobalSection(ExtensibilityGlobals) = postSolution
		SolutionGuid = {345DBCCB-BB8E-4329-965A-FA47E063A244}
	EndGlobalSection
EndGlobal
